
Microsoft Visual Studio Solution File, Format Version 12.00
# Visual Studio Version 17
VisualStudioVersion = 17.11.35312.102
MinimumVisualStudioVersion = 10.0.40219.1
Project("{FAE04EC0-301F-11D3-BF4B-00C04F79EFBC}") = "TicTacToeLibrary", "TicTacToeLibrary\TicTacToeLibrary.csproj", "{79CEC16D-0ABE-4EF6-9909-672349247D48}"
EndProject
Global
	GlobalSection(SolutionConfigurationPlatforms) = preSolution
		Debug|Any CPU = Debug|Any CPU
		Release|Any CPU = Release|Any CPU
	EndGlobalSection
	GlobalSection(ProjectConfigurationPlatforms) = postSolution
		{79CEC16D-0ABE-4EF6-9909-672349247D48}.Debug|Any CPU.ActiveCfg = Debug|Any CPU
		{79CEC16D-0ABE-4EF6-9909-672349247D48}.Debug|Any CPU.Build.0 = Debug|Any CPU
		{79CEC16D-0ABE-4EF6-9909-672349247D48}.Release|Any CPU.ActiveCfg = Release|Any CPU
		{79CEC16D-0ABE-4EF6-9909-672349247D48}.Release|Any CPU.Build.0 = Release|Any CPU
	EndGlobalSection
	GlobalSection(SolutionProperties) = preSolution
		HideSolutionNode = FALSE
	EndGlobalSection
	GlobalSection(ExtensibilityGlobals) = postSolution
		SolutionGuid = {8BEC07B0-A3D0-4FF9-94CD-3220B771158F}
	EndGlobalSection
EndGlobal
